
Microsoft Visual Studio Solution File, Format Version 12.00
# Visual Studio Version 17
VisualStudioVersion = 17.4.33122.133
MinimumVisualStudioVersion = 10.0.40219.1
Project("{FAE04EC0-301F-11D3-BF4B-00C04F79EFBC}") = "Study-Tracker", "Study-Tracker.csproj", "{1485F8DE-3F4E-45A2-828C-67B4BEC25FE2}"
EndProject
Global
	GlobalSection(SolutionConfigurationPlatforms) = preSolution
		Debug|Any CPU = Debug|Any CPU
		Release|Any CPU = Release|Any CPU
	EndGlobalSection
	GlobalSection(ProjectConfigurationPlatforms) = postSolution
		{1485F8DE-3F4E-45A2-828C-67B4BEC25FE2}.Debug|Any CPU.ActiveCfg = Debug|Any CPU
		{1485F8DE-3F4E-45A2-828C-67B4BEC25FE2}.Debug|Any CPU.Build.0 = Debug|Any CPU
		{1485F8DE-3F4E-45A2-828C-67B4BEC25FE2}.Release|Any CPU.ActiveCfg = Release|Any CPU
		{1485F8DE-3F4E-45A2-828C-67B4BEC25FE2}.Release|Any CPU.Build.0 = Release|Any CPU
	EndGlobalSection
	GlobalSection(SolutionProperties) = preSolution
		HideSolutionNode = FALSE
	EndGlobalSection
	GlobalSection(ExtensibilityGlobals) = postSolution
		SolutionGuid = {19FF5A6D-7D1C-4E08-A914-951F9896E4C4}
	EndGlobalSection
EndGlobal
